
Microsoft Visual Studio Solution File, Format Version 12.00
# Visual Studio 15
VisualStudioVersion = 15.0.28010.2046
MinimumVisualStudioVersion = 10.0.40219.1
Project("{FAE04EC0-301F-11D3-BF4B-00C04F79EFBC}") = "A2_AppProject.Android", "A2_AppProject\A2_AppProject.Android\A2_AppProject.Android.csproj", "{17547DBA-3B53-43B8-8482-757F2BE2A52B}"
EndProject
Project("{FAE04EC0-301F-11D3-BF4B-00C04F79EFBC}") = "A2_AppProject", "A2_AppProject\A2_AppProject\A2_AppProject.csproj", "{67ED0EA2-63E4-47A5-9C9F-2270B5ACB0C5}"
EndProject
Global
	GlobalSection(SolutionConfigurationPlatforms) = preSolution
		Debug|Any CPU = Debug|Any CPU
		Release|Any CPU = Release|Any CPU
	EndGlobalSection
	GlobalSection(ProjectConfigurationPlatforms) = postSolution
		{17547DBA-3B53-43B8-8482-757F2BE2A52B}.Debug|Any CPU.ActiveCfg = Debug|Any CPU
		{17547DBA-3B53-43B8-8482-757F2BE2A52B}.Debug|Any CPU.Build.0 = Debug|Any CPU
		{17547DBA-3B53-43B8-8482-757F2BE2A52B}.Debug|Any CPU.Deploy.0 = Debug|Any CPU
		{17547DBA-3B53-43B8-8482-757F2BE2A52B}.Release|Any CPU.ActiveCfg = Release|Any CPU
		{17547DBA-3B53-43B8-8482-757F2BE2A52B}.Release|Any CPU.Build.0 = Release|Any CPU
		{17547DBA-3B53-43B8-8482-757F2BE2A52B}.Release|Any CPU.Deploy.0 = Release|Any CPU
		{67ED0EA2-63E4-47A5-9C9F-2270B5ACB0C5}.Debug|Any CPU.ActiveCfg = Debug|Any CPU
		{67ED0EA2-63E4-47A5-9C9F-2270B5ACB0C5}.Debug|Any CPU.Build.0 = Debug|Any CPU
		{67ED0EA2-63E4-47A5-9C9F-2270B5ACB0C5}.Debug|Any CPU.Deploy.0 = Debug|Any CPU
		{67ED0EA2-63E4-47A5-9C9F-2270B5ACB0C5}.Release|Any CPU.ActiveCfg = Release|Any CPU
		{67ED0EA2-63E4-47A5-9C9F-2270B5ACB0C5}.Release|Any CPU.Build.0 = Release|Any CPU
		{67ED0EA2-63E4-47A5-9C9F-2270B5ACB0C5}.Release|Any CPU.Deploy.0 = Release|Any CPU
	EndGlobalSection
	GlobalSection(SolutionProperties) = preSolution
		HideSolutionNode = FALSE
	EndGlobalSection
	GlobalSection(ExtensibilityGlobals) = postSolution
		SolutionGuid = {23F476D7-B06D-456F-BBA8-B1C7A47BF07C}
	EndGlobalSection
EndGlobal
